
Microsoft Visual Studio Solution File, Format Version 12.00
# Visual Studio Version 17
VisualStudioVersion = 17.0.31903.59
MinimumVisualStudioVersion = 10.0.40219.1
Project("{FAE04EC0-301F-11D3-BF4B-00C04F79EFBC}") = "ProtoEngine", "..\ProtoEngine\ProtoEngine.csproj", "{0D22DC60-4BFC-4E00-82BA-039EFEF9D46C}"
EndProject
Project("{FAE04EC0-301F-11D3-BF4B-00C04F79EFBC}") = "Minesweeper", "Minesweeper.csproj", "{62F86E78-F2D1-4595-BCAE-C0F66CD3E31C}"
EndProject
Global
	GlobalSection(SolutionConfigurationPlatforms) = preSolution
		Debug|Any CPU = Debug|Any CPU
		Release|Any CPU = Release|Any CPU
	EndGlobalSection
	GlobalSection(ProjectConfigurationPlatforms) = postSolution
		{0D22DC60-4BFC-4E00-82BA-039EFEF9D46C}.Debug|Any CPU.ActiveCfg = Debug|Any CPU
		{0D22DC60-4BFC-4E00-82BA-039EFEF9D46C}.Debug|Any CPU.Build.0 = Debug|Any CPU
		{0D22DC60-4BFC-4E00-82BA-039EFEF9D46C}.Release|Any CPU.ActiveCfg = Release|Any CPU
		{0D22DC60-4BFC-4E00-82BA-039EFEF9D46C}.Release|Any CPU.Build.0 = Release|Any CPU
		{62F86E78-F2D1-4595-BCAE-C0F66CD3E31C}.Debug|Any CPU.ActiveCfg = Debug|Any CPU
		{62F86E78-F2D1-4595-BCAE-C0F66CD3E31C}.Debug|Any CPU.Build.0 = Debug|Any CPU
		{62F86E78-F2D1-4595-BCAE-C0F66CD3E31C}.Release|Any CPU.ActiveCfg = Release|Any CPU
		{62F86E78-F2D1-4595-BCAE-C0F66CD3E31C}.Release|Any CPU.Build.0 = Release|Any CPU
	EndGlobalSection
	GlobalSection(SolutionProperties) = preSolution
		HideSolutionNode = FALSE
	EndGlobalSection
	GlobalSection(ExtensibilityGlobals) = postSolution
		SolutionGuid = {3E5E6A43-EA49-4321-AE8E-27E1FC50699F}
	EndGlobalSection
EndGlobal
